GIT
  remote: https://github.com/Shopify/aead.git
  revision: 340e7718d8bd9c1fcf3c443e32f439436ea2b70d
  ref: 340e7718d8bd9c1fcf3c443e32f439436ea2b70d
  specs:
    aead (1.8.2)
      macaddr (~> 1)

PATH
  remote: .
  specs:
    gala (0.3.1)
      aead

GEM
  remote: https://rubygems.org/
  specs:
    macaddr (1.7.1)
      systemu (~> 2.6.2)
    systemu (2.6.5)

PLATFORMS
  ruby

DEPENDENCIES
  aead!
  gala!

BUNDLED WITH
   1.14.6
